{
  "name": "tinypool-test",
  "version": "1.0.0",
  "lockfileVersion": 2,
  "requires": true,
  "packages": {
    "": {
      "name": "tinypool-test",
      "version": "1.0.0",
      "license": "ISC",
      "dependencies": {
        "tinypool": "^0.1.2"
      }
    },
    "node_modules/_tinypool@0.1.2@tinypool": {
      "name": "tinypool",
      "version": "0.1.2",
      "license": "MIT",
      "engines": {
        "node": ">=14.0.0"
      }
    },
    "node_modules/tinypool": {
      "resolved": "node_modules/_tinypool@0.1.2@tinypool",
      "link": true
    }
  },
  "dependencies": {
    "_tinypool@0.1.2@tinypool": {
      "version": "npm:tinypool@0.1.2"
    },
    "tinypool": {
      "version": "file:node_modules/_tinypool@0.1.2@tinypool"
    }
  }
}
